
Microsoft Visual Studio Solution File, Format Version 12.00
# Visual Studio 15
VisualStudioVersion = 15.0.28307.645
MinimumVisualStudioVersion = 10.0.40219.1
Project("{FAE04EC0-301F-11D3-BF4B-00C04F79EFBC}") = "JobBoard", "JobBoard\JobBoard.csproj", "{CFFDC4CE-0336-427C-82F7-3A6E2610BCAB}"
EndProject
Project("{FAE04EC0-301F-11D3-BF4B-00C04F79EFBC}") = "JobBoard.Tests", "JobBoard.Tests\JobBoard.Tests.csproj", "{C6E5BD6A-3BF1-484E-A343-9F4AA42EF954}"
EndProject
Global
	GlobalSection(SolutionConfigurationPlatforms) = preSolution
		Debug|Any CPU = Debug|Any CPU
		Release|Any CPU = Release|Any CPU
	EndGlobalSection
	GlobalSection(ProjectConfigurationPlatforms) = postSolution
		{CFFDC4CE-0336-427C-82F7-3A6E2610BCAB}.Debug|Any CPU.ActiveCfg = Debug|Any CPU
		{CFFDC4CE-0336-427C-82F7-3A6E2610BCAB}.Debug|Any CPU.Build.0 = Debug|Any CPU
		{CFFDC4CE-0336-427C-82F7-3A6E2610BCAB}.Release|Any CPU.ActiveCfg = Release|Any CPU
		{CFFDC4CE-0336-427C-82F7-3A6E2610BCAB}.Release|Any CPU.Build.0 = Release|Any CPU
		{C6E5BD6A-3BF1-484E-A343-9F4AA42EF954}.Debug|Any CPU.ActiveCfg = Debug|Any CPU
		{C6E5BD6A-3BF1-484E-A343-9F4AA42EF954}.Debug|Any CPU.Build.0 = Debug|Any CPU
		{C6E5BD6A-3BF1-484E-A343-9F4AA42EF954}.Release|Any CPU.ActiveCfg = Release|Any CPU
		{C6E5BD6A-3BF1-484E-A343-9F4AA42EF954}.Release|Any CPU.Build.0 = Release|Any CPU
	EndGlobalSection
	GlobalSection(SolutionProperties) = preSolution
		HideSolutionNode = FALSE
	EndGlobalSection
	GlobalSection(ExtensibilityGlobals) = postSolution
		SolutionGuid = {56FB6868-38F4-4ADB-BA0B-7F48BD7DF1FA}
	EndGlobalSection
EndGlobal
